
Microsoft Visual Studio Solution File, Format Version 12.00
# Visual Studio Version 17
VisualStudioVersion = 17.3.32929.385
MinimumVisualStudioVersion = 10.0.40219.1
Project("{FAE04EC0-301F-11D3-BF4B-00C04F79EFBC}") = "GreenERP", "GreenERP\GreenERP.csproj", "{62932FCE-7EB7-4279-9826-6ED8E681344B}"
EndProject
Global
	GlobalSection(SolutionConfigurationPlatforms) = preSolution
		Debug|Any CPU = Debug|Any CPU
		Release|Any CPU = Release|Any CPU
	EndGlobalSection
	GlobalSection(ProjectConfigurationPlatforms) = postSolution
		{62932FCE-7EB7-4279-9826-6ED8E681344B}.Debug|Any CPU.ActiveCfg = Debug|Any CPU
		{62932FCE-7EB7-4279-9826-6ED8E681344B}.Debug|Any CPU.Build.0 = Debug|Any CPU
		{62932FCE-7EB7-4279-9826-6ED8E681344B}.Release|Any CPU.ActiveCfg = Release|Any CPU
		{62932FCE-7EB7-4279-9826-6ED8E681344B}.Release|Any CPU.Build.0 = Release|Any CPU
	EndGlobalSection
	GlobalSection(SolutionProperties) = preSolution
		HideSolutionNode = FALSE
	EndGlobalSection
	GlobalSection(ExtensibilityGlobals) = postSolution
		SolutionGuid = {8C5FB3DB-2EA7-4859-A487-439991CA9E14}
	EndGlobalSection
EndGlobal
